
Microsoft Visual Studio Solution File, Format Version 12.00
# Visual Studio Version 16
VisualStudioVersion = 16.0.29905.134
MinimumVisualStudioVersion = 10.0.40219.1
Project("{FAE04EC0-301F-11D3-BF4B-00C04F79EFBC}") = "FlightSimulatorApp", "FlightSimulatorApp\FlightSimulatorApp.csproj", "{99FF7149-3389-478E-981C-70EFE4261681}"
EndProject
Global
	GlobalSection(SolutionConfigurationPlatforms) = preSolution
		Debug|Any CPU = Debug|Any CPU
		Release|Any CPU = Release|Any CPU
	EndGlobalSection
	GlobalSection(ProjectConfigurationPlatforms) = postSolution
		{99FF7149-3389-478E-981C-70EFE4261681}.Debug|Any CPU.ActiveCfg = Debug|Any CPU
		{99FF7149-3389-478E-981C-70EFE4261681}.Debug|Any CPU.Build.0 = Debug|Any CPU
		{99FF7149-3389-478E-981C-70EFE4261681}.Release|Any CPU.ActiveCfg = Release|Any CPU
		{99FF7149-3389-478E-981C-70EFE4261681}.Release|Any CPU.Build.0 = Release|Any CPU
	EndGlobalSection
	GlobalSection(SolutionProperties) = preSolution
		HideSolutionNode = FALSE
	EndGlobalSection
	GlobalSection(ExtensibilityGlobals) = postSolution
		SolutionGuid = {3E164271-21D9-468E-A4B7-44F474647041}
	EndGlobalSection
EndGlobal
